Microsoft Visual Studio Solution File, Format Version 12.00
# Visual Studio Version 17
VisualStudioVersion = 17.5.2.0
MinimumVisualStudioVersion = 10.0.40219.1
Project("{2150E333-8FDC-42A3-9474-1A3956D46DE8}") = "lambda", "lambda", "{7459E685-8883-CB08-9F0F-A142470721FC}"
EndProject
Project("{2150E333-8FDC-42A3-9474-1A3956D46DE8}") = "FaceRecognitionLambda", "FaceRecognitionLambda", "{6BD25977-D4F4-0CF0-B7F9-6B815461E51A}"
EndProject
Project("{2150E333-8FDC-42A3-9474-1A3956D46DE8}") = "src", "src", "{86700028-2FB4-CDDA-8908-760F62A35615}"
EndProject
Project("{FAE04EC0-301F-11D3-BF4B-00C04F79EFBC}") = "FaceRecognitionLambda", "lambda\FaceRecognitionLambda\src\FaceRecognitionLambda\FaceRecognitionLambda.csproj", "{9AC09743-CF4E-3722-4151-6CAF80CCB4A3}"
EndProject
Project("{2150E333-8FDC-42A3-9474-1A3956D46DE8}") = "test", "test", "{A93EAAE7-7A47-6517-F3A4-27EF3511485E}"
EndProject
Project("{FAE04EC0-301F-11D3-BF4B-00C04F79EFBC}") = "FaceRecognitionLambda.Tests", "lambda\FaceRecognitionLambda\test\FaceRecognitionLambda.Tests\FaceRecognitionLambda.Tests.csproj", "{91CCF6A4-6279-510D-71EF-0C4FC1401D45}"
EndProject
Global
	GlobalSection(SolutionConfigurationPlatforms) = preSolution
		Debug|Any CPU = Debug|Any CPU
		Release|Any CPU = Release|Any CPU
	EndGlobalSection
	GlobalSection(ProjectConfigurationPlatforms) = postSolution
		{9AC09743-CF4E-3722-4151-6CAF80CCB4A3}.Debug|Any CPU.ActiveCfg = Debug|Any CPU
		{9AC09743-CF4E-3722-4151-6CAF80CCB4A3}.Debug|Any CPU.Build.0 = Debug|Any CPU
		{9AC09743-CF4E-3722-4151-6CAF80CCB4A3}.Release|Any CPU.ActiveCfg = Release|Any CPU
		{9AC09743-CF4E-3722-4151-6CAF80CCB4A3}.Release|Any CPU.Build.0 = Release|Any CPU
		{91CCF6A4-6279-510D-71EF-0C4FC1401D45}.Debug|Any CPU.ActiveCfg = Debug|Any CPU
		{91CCF6A4-6279-510D-71EF-0C4FC1401D45}.Debug|Any CPU.Build.0 = Debug|Any CPU
		{91CCF6A4-6279-510D-71EF-0C4FC1401D45}.Release|Any CPU.ActiveCfg = Release|Any CPU
		{91CCF6A4-6279-510D-71EF-0C4FC1401D45}.Release|Any CPU.Build.0 = Release|Any CPU
	EndGlobalSection
	GlobalSection(SolutionProperties) = preSolution
		HideSolutionNode = FALSE
	EndGlobalSection
	GlobalSection(NestedProjects) = preSolution
		{6BD25977-D4F4-0CF0-B7F9-6B815461E51A} = {7459E685-8883-CB08-9F0F-A142470721FC}
		{86700028-2FB4-CDDA-8908-760F62A35615} = {6BD25977-D4F4-0CF0-B7F9-6B815461E51A}
		{9AC09743-CF4E-3722-4151-6CAF80CCB4A3} = {86700028-2FB4-CDDA-8908-760F62A35615}
		{A93EAAE7-7A47-6517-F3A4-27EF3511485E} = {6BD25977-D4F4-0CF0-B7F9-6B815461E51A}
		{91CCF6A4-6279-510D-71EF-0C4FC1401D45} = {A93EAAE7-7A47-6517-F3A4-27EF3511485E}
	EndGlobalSection
	GlobalSection(ExtensibilityGlobals) = postSolution
		SolutionGuid = {FA0CD054-8B06-4A4F-901D-CB0567461A8F}
	EndGlobalSection
EndGlobal
